// !$*UTF8*$!
{
	archiveVersion = 1;
	classes = {
	};
	objectVersion = 56;
	objects = {

/* Begin PBXBuildFile section */
		429988A62898CEE100FB01EB /* AppDelegate.swift in Sources */ = {isa = PBXBuildFile; fileRef = 429988A52898CEE100FB01EB /* AppDelegate.swift */; };
		429988A82898CEE100FB01EB /* SceneDelegate.swift in Sources */ = {isa = PBXBuildFile; fileRef = 429988A72898CEE100FB01EB /* SceneDelegate.swift */; };
		429988AA2898CEE100FB01EB /* ViewController.swift in Sources */ = {isa = PBXBuildFile; fileRef = 429988A92898CEE100FB01EB /* ViewController.swift */; };
		429988AD2898CEE100FB01EB /* Main.storyboard in Resources */ = {isa = PBXBuildFile; fileRef = 429988AB2898CEE100FB01EB /* Main.storyboard */; };
		429988AF2898CEE300FB01EB /* Assets.xcassets in Resources */ = {isa = PBXBuildFile; fileRef = 429988AE2898CEE300FB01EB /* Assets.xcassets */; };
		429988B22898CEE300FB01EB /* LaunchScreen.storyboard in Resources */ = {isa = PBXBuildFile; fileRef = 429988B02898CEE300FB01EB /* LaunchScreen.storyboard */; };
		429988BA2898CF1C00FB01EB /* birthdayViewController.swift in Sources */ = {isa = PBXBuildFile; fileRef = 429988B92898CF1C00FB01EB /* birthdayViewController.swift */; };
		429988BC2898EDD900FB01EB /* lifeNumberFile.swift in Sources */ = {isa = PBXBuildFile; fileRef = 429988BB2898EDD900FB01EB /* lifeNumberFile.swift */; };
		429988BE2899056000FB01EB /* ResultViewController.swift in Sources */ = {isa = PBXBuildFile; fileRef = 429988BD2899056000FB01EB /* ResultViewController.swift */; };
/* End PBXBuildFile section */

/* Begin PBXFileReference section */
		429988A22898CEE100FB01EB /* numberOfLives.app */ = {isa = PBXFileReference; explicitFileType = wrapper.application; includeInIndex = 0; path = numberOfLives.app; sourceTree = BUILT_PRODUCTS_DIR; };
		429988A52898CEE100FB01EB /* AppDelegate.swift */ = {isa = PBXFileReference; lastKnownFileType = sourcecode.swift; path = AppDelegate.swift; sourceTree = "<group>"; };
		429988A72898CEE100FB01EB /* SceneDelegate.swift */ = {isa = PBXFileReference; lastKnownFileType = sourcecode.swift; path = SceneDelegate.swift; sourceTree = "<group>"; };
		429988A92898CEE100FB01EB /* ViewController.swift */ = {isa = PBXFileReference; lastKnownFileType = sourcecode.swift; path = ViewController.swift; sourceTree = "<group>"; };
		429988AC2898CEE100FB01EB /* Base */ = {isa = PBXFileReference; lastKnownFileType = file.storyboard; name = Base; path = Base.lproj/Main.storyboard; sourceTree = "<group>"; };
		429988AE2898CEE300FB01EB /* Assets.xcassets */ = {isa = PBXFileReference; lastKnownFileType = folder.assetcatalog; path = Assets.xcassets; sourceTree = "<group>"; };
		429988B12898CEE300FB01EB /* Base */ = {isa = PBXFileReference; lastKnownFileType = file.storyboard; name = Base; path = Base.lproj/LaunchScreen.storyboard; sourceTree = "<group>"; };
		429988B32898CEE300FB01EB /* Info.plist */ = {isa = PBXFileReference; lastKnownFileType = text.plist.xml; path = Info.plist; sourceTree = "<group>"; };
		429988B92898CF1C00FB01EB /* birthdayViewController.swift */ = {isa = PBXFileReference; lastKnownFileType = sourcecode.swift; path = birthdayViewController.swift; sourceTree = "<group>"; };
		429988BB2898EDD900FB01EB /* lifeNumberFile.swift */ = {isa = PBXFileReference; lastKnownFileType = sourcecode.swift; path = lifeNumberFile.swift; sourceTree = "<group>"; };
		429988BD2899056000FB01EB /* ResultViewController.swift */ = {isa = PBXFileReference; lastKnownFileType = sourcecode.swift; path = ResultViewController.swift; sourceTree = "<group>"; };
/* End PBXFileReference section */

/* Begin PBXFrameworksBuildPhase section */
		4299889F2898CEE100FB01EB /* Frameworks */ = {
			isa = PBXFrameworksBuildPhase;
			buildActionMask = 2147483647;
			files = (
			);
			runOnlyForDeploymentPostprocessing = 0;
		};
/* End PBXFrameworksBuildPhase section */

/* Begin PBXGroup section */
		429988992898CEE100FB01EB = {
			isa = PBXGroup;
			children = (
				429988A42898CEE100FB01EB /* numberOfLives */,
				429988A32898CEE100FB01EB /* Products */,
			);
			sourceTree = "<group>";
		};
		429988A32898CEE100FB01EB /* Products */ = {
			isa = PBXGroup;
			children = (
				429988A22898CEE100FB01EB /* numberOfLives.app */,
			);
			name = Products;
			sourceTree = "<group>";
		};
		429988A42898CEE100FB01EB /* numberOfLives */ = {
			isa = PBXGroup;
			children = (
				429988A52898CEE100FB01EB /* AppDelegate.swift */,
				429988A72898CEE100FB01EB /* SceneDelegate.swift */,
				429988A92898CEE100FB01EB /* ViewController.swift */,
				429988AB2898CEE100FB01EB /* Main.storyboard */,
				429988BD2899056000FB01EB /* ResultViewController.swift */,
				429988B92898CF1C00FB01EB /* birthdayViewController.swift */,
				429988AE2898CEE300FB01EB /* Assets.xcassets */,
				429988BB2898EDD900FB01EB /* lifeNumberFile.swift */,
				429988B02898CEE300FB01EB /* LaunchScreen.storyboard */,
				429988B32898CEE300FB01EB /* Info.plist */,
			);
			path = numberOfLives;
			sourceTree = "<group>";
		};
/* End PBXGroup section */

/* Begin PBXNativeTarget section */
		429988A12898CEE100FB01EB /* numberOfLives */ = {
			isa = PBXNativeTarget;
			buildConfigurationList = 429988B62898CEE300FB01EB /* Build configuration list for PBXNativeTarget "numberOfLives" */;
			buildPhases = (
				4299889E2898CEE100FB01EB /* Sources */,
				4299889F2898CEE100FB01EB /* Frameworks */,
				429988A02898CEE100FB01EB /* Resources */,
			);
			buildRules = (
			);
			dependencies = (
			);
			name = numberOfLives;
			productName = numberOfLives;
			productReference = 429988A22898CEE100FB01EB /* numberOfLives.app */;
			productType = "com.apple.product-type.application";
		};
/* End PBXNativeTarget section */

/* Begin PBXProject section */
		4299889A2898CEE100FB01EB /* Project object */ = {
			isa = PBXProject;
			attributes = {
				BuildIndependentTargetsInParallel = 1;
				LastSwiftUpdateCheck = 1400;
				LastUpgradeCheck = 1400;
				TargetAttributes = {
					429988A12898CEE100FB01EB = {
						CreatedOnToolsVersion = 14.0;
					};
				};
			};
			buildConfigurationList = 4299889D2898CEE100FB01EB /* Build configuration list for PBXProject "numberOfLives" */;
			compatibilityVersion = "Xcode 14.0";
			developmentRegion = en;
			hasScannedForEncodings = 0;
			knownRegions = (
				en,
				Base,
			);
			mainGroup = 429988992898CEE100FB01EB;
			productRefGroup = 429988A32898CEE100FB01EB /* Products */;
			projectDirPath = "";
			projectRoot = "";
			targets = (
				429988A12898CEE100FB01EB /* numberOfLives */,
			);
		};
/* End PBXProject section */

/* Begin PBXResourcesBuildPhase section */
		429988A02898CEE100FB01EB /* Resources */ = {
			isa = PBXResourcesBuildPhase;
			buildActionMask = 2147483647;
			files = (
				429988B22898CEE300FB01EB /* LaunchScreen.storyboard in Resources */,
				429988AF2898CEE300FB01EB /* Assets.xcassets in Resources */,
				429988AD2898CEE100FB01EB /* Main.storyboard in Resources */,
			);
			runOnlyForDeploymentPostprocessing = 0;
		};
/* End PBXResourcesBuildPhase section */

/* Begin PBXSourcesBuildPhase section */
		4299889E2898CEE100FB01EB /* Sources */ = {
			isa = PBXSourcesBuildPhase;
			buildActionMask = 2147483647;
			files = (
				429988AA2898CEE100FB01EB /* ViewController.swift in Sources */,
				429988BA2898CF1C00FB01EB /* birthdayViewController.swift in Sources */,
				429988BC2898EDD900FB01EB /* lifeNumberFile.swift in Sources */,
				429988A62898CEE100FB01EB /* AppDelegate.swift in Sources */,
				429988A82898CEE100FB01EB /* SceneDelegate.swift in Sources */,
				429988BE2899056000FB01EB /* ResultViewController.swift in Sources */,
			);
			runOnlyForDeploymentPostprocessing = 0;
		};
/* End PBXSourcesBuildPhase section */

/* Begin PBXVariantGroup section */
		429988AB2898CEE100FB01EB /* Main.storyboard */ = {
			isa = PBXVariantGroup;
			children = (
				429988AC2898CEE100FB01EB /* Base */,
			);
			name = Main.storyboard;
			sourceTree = "<group>";
		};
		429988B02898CEE300FB01EB /* LaunchScreen.storyboard */ = {
			isa = PBXVariantGroup;
			children = (
				429988B12898CEE300FB01EB /* Base */,
			);
			name = LaunchScreen.storyboard;
			sourceTree = "<group>";
		};
/* End PBXVariantGroup section */

/* Begin XCBuildConfiguration section */
		429988B42898CEE300FB01EB /* Debug */ = {
			isa = XCBuildConfiguration;
			buildSettings = {
				ALWAYS_SEARCH_USER_PATHS = NO;
				CLANG_ANALYZER_NONNULL = YES;
				CLANG_ANALYZER_NUMBER_OBJECT_CONVERSION = YES_AGGRESSIVE;
				CLANG_CXX_LANGUAGE_STANDARD = "gnu++20";
				CLANG_ENABLE_MODULES = YES;
				CLANG_ENABLE_OBJC_ARC = YES;
				CLANG_ENABLE_OBJC_WEAK = YES;
				CLANG_WARN_BLOCK_CAPTURE_AUTORELEASING = YES;
				CLANG_WARN_BOOL_CONVERSION = YES;
				CLANG_WARN_COMMA = YES;
				CLANG_WARN_CONSTANT_CONVERSION = YES;
				CLANG_WARN_DEPRECATED_OBJC_IMPLEMENTATIONS = YES;
				CLANG_WARN_DIRECT_OBJC_ISA_USAGE = YES_ERROR;
				CLANG_WARN_DOCUMENTATION_COMMENTS = YES;
				CLANG_WARN_EMPTY_BODY = YES;
				CLANG_WARN_ENUM_CONVERSION = YES;
				CLANG_WARN_INFINITE_RECURSION = YES;
				CLANG_WARN_INT_CONVERSION = YES;
				CLANG_WARN_NON_LITERAL_NULL_CONVERSION = YES;
				CLANG_WARN_OBJC_IMPLICIT_RETAIN_SELF = YES;
				CLANG_WARN_OBJC_LITERAL_CONVERSION = YES;
				CLANG_WARN_OBJC_ROOT_CLASS = YES_ERROR;
				CLANG_WARN_QUOTED_INCLUDE_IN_FRAMEWORK_HEADER = YES;
				CLANG_WARN_RANGE_LOOP_ANALYSIS = YES;
				CLANG_WARN_STRICT_PROTOTYPES = YES;
				CLANG_WARN_SUSPICIOUS_MOVE = YES;
				CLANG_WARN_UNGUARDED_AVAILABILITY = YES_AGGRESSIVE;
				CLANG_WARN_UNREACHABLE_CODE = YES;
				CLANG_WARN__DUPLICATE_METHOD_MATCH = YES;
				COPY_PHASE_STRIP = NO;
				DEBUG_INFORMATION_FORMAT = dwarf;
				ENABLE_STRICT_OBJC_MSGSEND = YES;
				ENABLE_TESTABILITY = YES;
				GCC_C_LANGUAGE_STANDARD = gnu11;
				GCC_DYNAMIC_NO_PIC = NO;
				GCC_NO_COMMON_BLOCKS = YES;
				GCC_OPTIMIZATION_LEVEL = 0;
				GCC_PREPROCESSOR_DEFINITIONS = (
					"DEBUG=1",
					"$(inherited)",
				);
				GCC_WARN_64_TO_32_BIT_CONVERSION = YES;
				GCC_WARN_ABOUT_RETURN_TYPE = YES_ERROR;
				GCC_WARN_UNDECLARED_SELECTOR = YES;
				GCC_WARN_UNINITIALIZED_AUTOS = YES_AGGRESSIVE;
				GCC_WARN_UNUSED_FUNCTION = YES;
				GCC_WARN_UNUSED_VARIABLE = YES;
				IPHONEOS_DEPLOYMENT_TARGET = 16.0;
				MTL_ENABLE_DEBUG_INFO = INCLUDE_SOURCE;
				MTL_FAST_MATH = YES;
				ONLY_ACTIVE_ARCH = YES;
				SDKROOT = iphoneos;
				SWIFT_ACTIVE_COMPILATION_CONDITIONS = DEBUG;
				SWIFT_OPTIMIZATION_LEVEL = "-Onone";
			};
			name = Debug;
		};
		429988B52898CEE300FB01EB /* Release */ = {
			isa = XCBuildConfiguration;
			buildSettings = {
				ALWAYS_SEARCH_USER_PATHS = NO;
				CLANG_ANALYZER_NONNULL = YES;
				CLANG_ANALYZER_NUMBER_OBJECT_CONVERSION = YES_AGGRESSIVE;
				CLANG_CXX_LANGUAGE_STANDARD = "gnu++20";
				CLANG_ENABLE_MODULES = YES;
				CLANG_ENABLE_OBJC_ARC = YES;
				CLANG_ENABLE_OBJC_WEAK = YES;
				CLANG_WARN_BLOCK_CAPTURE_AUTORELEASING = YES;
				CLANG_WARN_BOOL_CONVERSION = YES;
				CLANG_WARN_COMMA = YES;
				CLANG_WARN_CONSTANT_CONVERSION = YES;
				CLANG_WARN_DEPRECATED_OBJC_IMPLEMENTATIONS = YES;
				CLANG_WARN_DIRECT_OBJC_ISA_USAGE = YES_ERROR;
				CLANG_WARN_DOCUMENTATION_COMMENTS = YES;
				CLANG_WARN_EMPTY_BODY = YES;
				CLANG_WARN_ENUM_CONVERSION = YES;
				CLANG_WARN_INFINITE_RECURSION = YES;
				CLANG_WARN_INT_CONVERSION = YES;
				CLANG_WARN_NON_LITERAL_NULL_CONVERSION = YES;
				CLANG_WARN_OBJC_IMPLICIT_RETAIN_SELF = YES;
				CLANG_WARN_OBJC_LITERAL_CONVERSION = YES;
				CLANG_WARN_OBJC_ROOT_CLASS = YES_ERROR;
				CLANG_WARN_QUOTED_INCLUDE_IN_FRAMEWORK_HEADER = YES;
				CLANG_WARN_RANGE_LOOP_ANALYSIS = YES;
				CLANG_WARN_STRICT_PROTOTYPES = YES;
				CLANG_WARN_SUSPICIOUS_MOVE = YES;
				CLANG_WARN_UNGUARDED_AVAILABILITY = YES_AGGRESSIVE;
				CLANG_WARN_UNREACHABLE_CODE = YES;
				CLANG_WARN__DUPLICATE_METHOD_MATCH = YES;
				COPY_PHASE_STRIP = NO;
				DEBUG_INFORMATION_FORMAT = "dwarf-with-dsym";
				ENABLE_NS_ASSERTIONS = NO;
				ENABLE_STRICT_OBJC_MSGSEND = YES;
				GCC_C_LANGUAGE_STANDARD = gnu11;
				GCC_NO_COMMON_BLOCKS = YES;
				GCC_WARN_64_TO_32_BIT_CONVERSION = YES;
				GCC_WARN_ABOUT_RETURN_TYPE = YES_ERROR;
				GCC_WARN_UNDECLARED_SELECTOR = YES;
				GCC_WARN_UNINITIALIZED_AUTOS = YES_AGGRESSIVE;
				GCC_WARN_UNUSED_FUNCTION = YES;
				GCC_WARN_UNUSED_VARIABLE = YES;
				IPHONEOS_DEPLOYMENT_TARGET = 16.0;
				MTL_ENABLE_DEBUG_INFO = NO;
				MTL_FAST_MATH = YES;
				SDKROOT = iphoneos;
				SWIFT_COMPILATION_MODE = wholemodule;
				SWIFT_OPTIMIZATION_LEVEL = "-O";
				VALIDATE_PRODUCT = YES;
			};
			name = Release;
		};
		429988B72898CEE300FB01EB /* Debug */ = {
			isa = XCBuildConfiguration;
			buildSettings = {
				ASSETCATALOG_COMPILER_APPICON_NAME = AppIcon;
				ASSETCATALOG_COMPILER_GLOBAL_ACCENT_COLOR_NAME = AccentColor;
				CODE_SIGN_STYLE = Automatic;
				CURRENT_PROJECT_VERSION = 1;
				GENERATE_INFOPLIST_FILE = YES;
				INFOPLIST_FILE = numberOfLives/Info.plist;
				INFOPLIST_KEY_UIApplicationSupportsIndirectInputEvents = YES;
				INFOPLIST_KEY_UILaunchStoryboardName = LaunchScreen;
				INFOPLIST_KEY_UIMainStoryboardFile = Main;
				INFOPLIST_KEY_UISupportedInterfaceOrientations_iPad = "UIInterfaceOrientationPortrait UIInterfaceOrientationPortraitUpsideDown UIInterfaceOrientationLandscapeLeft UIInterfaceOrientationLandscapeRight";
				INFOPLIST_KEY_UISupportedInterfaceOrientations_iPhone = "UIInterfaceOrientationPortrait UIInterfaceOrientationLandscapeLeft UIInterfaceOrientationLandscapeRight";
				LD_RUNPATH_SEARCH_PATHS = (
					"$(inherited)",
					"@executable_path/Frameworks",
				);
				MARKETING_VERSION = 1.0;
				PRODUCT_BUNDLE_IDENTIFIER = "croc0909-gmail.com.numberOfLives";
				PRODUCT_NAME = "$(TARGET_NAME)";
				SWIFT_EMIT_LOC_STRINGS = YES;
				SWIFT_VERSION = 5.0;
				TARGETED_DEVICE_FAMILY = "1,2";
			};
			name = Debug;
		};
		429988B82898CEE300FB01EB /* Release */ = {
			isa = XCBuildConfiguration;
			buildSettings = {
				ASSETCATALOG_COMPILER_APPICON_NAME = AppIcon;
				ASSETCATALOG_COMPILER_GLOBAL_ACCENT_COLOR_NAME = AccentColor;
				CODE_SIGN_STYLE = Automatic;
				CURRENT_PROJECT_VERSION = 1;
				GENERATE_INFOPLIST_FILE = YES;
				INFOPLIST_FILE = numberOfLives/Info.plist;
				INFOPLIST_KEY_UIApplicationSupportsIndirectInputEvents = YES;
				INFOPLIST_KEY_UILaunchStoryboardName = LaunchScreen;
				INFOPLIST_KEY_UIMainStoryboardFile = Main;
				INFOPLIST_KEY_UISupportedInterfaceOrientations_iPad = "UIInterfaceOrientationPortrait UIInterfaceOrientationPortraitUpsideDown UIInterfaceOrientationLandscapeLeft UIInterfaceOrientationLandscapeRight";
				INFOPLIST_KEY_UISupportedInterfaceOrientations_iPhone = "UIInterfaceOrientationPortrait UIInterfaceOrientationLandscapeLeft UIInterfaceOrientationLandscapeRight";
				LD_RUNPATH_SEARCH_PATHS = (
					"$(inherited)",
					"@executable_path/Frameworks",
				);
				MARKETING_VERSION = 1.0;
				PRODUCT_BUNDLE_IDENTIFIER = "croc0909-gmail.com.numberOfLives";
				PRODUCT_NAME = "$(TARGET_NAME)";
				SWIFT_EMIT_LOC_STRINGS = YES;
				SWIFT_VERSION = 5.0;
				TARGETED_DEVICE_FAMILY = "1,2";
			};
			name = Release;
		};
/* End XCBuildConfiguration section */

/* Begin XCConfigurationList section */
		4299889D2898CEE100FB01EB /* Build configuration list for PBXProject "numberOfLives" */ = {
			isa = XCConfigurationList;
			buildConfigurations = (
				429988B42898CEE300FB01EB /* Debug */,
				429988B52898CEE300FB01EB /* Release */,
			);
			defaultConfigurationIsVisible = 0;
			defaultConfigurationName = Release;
		};
		429988B62898CEE300FB01EB /* Build configuration list for PBXNativeTarget "numberOfLives" */ = {
			isa = XCConfigurationList;
			buildConfigurations = (
				429988B72898CEE300FB01EB /* Debug */,
				429988B82898CEE300FB01EB /* Release */,
			);
			defaultConfigurationIsVisible = 0;
			defaultConfigurationName = Release;
		};
/* End XCConfigurationList section */
	};
	rootObject = 4299889A2898CEE100FB01EB /* Project object */;
}
